
Microsoft Visual Studio Solution File, Format Version 12.00
# Visual Studio Version 16
VisualStudioVersion = 16.0.30104.148
MinimumVisualStudioVersion = 10.0.40219.1
Project("{8BC9CEB8-8B4A-11D0-8D11-00A0C91BC942}") = "FactoryServer", "FactoryServer\FactoryServer.vcxproj", "{75288D33-43A3-438D-A77A-3B1CBC65B345}"
EndProject
Global
	GlobalSection(SolutionConfigurationPlatforms) = preSolution
		Debug|x64 = Debug|x64
		Debug|x86 = Debug|x86
		Release|x64 = Release|x64
		Release|x86 = Release|x86
	EndGlobalSection
	GlobalSection(ProjectConfigurationPlatforms) = postSolution
		{75288D33-43A3-438D-A77A-3B1CBC65B345}.Debug|x64.ActiveCfg = Debug|x64
		{75288D33-43A3-438D-A77A-3B1CBC65B345}.Debug|x64.Build.0 = Debug|x64
		{75288D33-43A3-438D-A77A-3B1CBC65B345}.Debug|x86.ActiveCfg = Debug|Win32
		{75288D33-43A3-438D-A77A-3B1CBC65B345}.Debug|x86.Build.0 = Debug|Win32
		{75288D33-43A3-438D-A77A-3B1CBC65B345}.Release|x64.ActiveCfg = Release|x64
		{75288D33-43A3-438D-A77A-3B1CBC65B345}.Release|x64.Build.0 = Release|x64
		{75288D33-43A3-438D-A77A-3B1CBC65B345}.Release|x86.ActiveCfg = Release|Win32
		{75288D33-43A3-438D-A77A-3B1CBC65B345}.Release|x86.Build.0 = Release|Win32
	EndGlobalSection
	GlobalSection(SolutionProperties) = preSolution
		HideSolutionNode = FALSE
	EndGlobalSection
	GlobalSection(ExtensibilityGlobals) = postSolution
		SolutionGuid = {1FF8E1E4-88D4-4866-B318-1A38153D3651}
	EndGlobalSection
EndGlobal
